Microsoft Visual Studio Solution File, Format Version 12.00
# Visual Studio Version 17
VisualStudioVersion = 17.5.2.0
MinimumVisualStudioVersion = 10.0.40219.1
Project("{FAE04EC0-301F-11D3-BF4B-00C04F79EFBC}") = "CompanyEmployeeManager", "CompanyEmployeeManager.csproj", "{856018E8-074F-8B36-67DE-54445A96EA9D}"
EndProject
Global
	GlobalSection(SolutionConfigurationPlatforms) = preSolution
		Debug|Any CPU = Debug|Any CPU
		Release|Any CPU = Release|Any CPU
	EndGlobalSection
	GlobalSection(ProjectConfigurationPlatforms) = postSolution
		{856018E8-074F-8B36-67DE-54445A96EA9D}.Debug|Any CPU.ActiveCfg = Debug|Any CPU
		{856018E8-074F-8B36-67DE-54445A96EA9D}.Debug|Any CPU.Build.0 = Debug|Any CPU
		{856018E8-074F-8B36-67DE-54445A96EA9D}.Release|Any CPU.ActiveCfg = Release|Any CPU
		{856018E8-074F-8B36-67DE-54445A96EA9D}.Release|Any CPU.Build.0 = Release|Any CPU
	EndGlobalSection
	GlobalSection(SolutionProperties) = preSolution
		HideSolutionNode = FALSE
	EndGlobalSection
	GlobalSection(ExtensibilityGlobals) = postSolution
		SolutionGuid = {6E2ABA5C-B344-4758-9A6D-99E2DC49C743}
	EndGlobalSection
EndGlobal
